// !$*UTF8*$!
{
	archiveVersion = 1;
	classes = {
	};
	objectVersion = 50;
	objects = {

/* Begin PBXBuildFile section */
		6C26E9E92612C24800D21201 /* CancelViewController.swift in Sources */ = {isa = PBXBuildFile; fileRef = 6C26E9E82612C24800D21201 /* CancelViewController.swift */; };
		6C6C4DFF2610E401006CDEAD /* BirdViewController.swift in Sources */ = {isa = PBXBuildFile; fileRef = 6C6C4DFE2610E401006CDEAD /* BirdViewController.swift */; };
		6C6C4E0726117502006CDEAD /* RabbitViewController.swift in Sources */ = {isa = PBXBuildFile; fileRef = 6C6C4E0626117502006CDEAD /* RabbitViewController.swift */; };
		6C6C4E0F26117860006CDEAD /* BeardDragonViewController.swift in Sources */ = {isa = PBXBuildFile; fileRef = 6C6C4E0E26117860006CDEAD /* BeardDragonViewController.swift */; };
		6C6C4E1426117D26006CDEAD /* FinalViewController.swift in Sources */ = {isa = PBXBuildFile; fileRef = 6C6C4E1326117D26006CDEAD /* FinalViewController.swift */; };
		6C7FFBCB260E6348008F1D97 /* AppDelegate.swift in Sources */ = {isa = PBXBuildFile; fileRef = 6C7FFBCA260E6348008F1D97 /* AppDelegate.swift */; };
		6C7FFBCD260E6348008F1D97 /* SceneDelegate.swift in Sources */ = {isa = PBXBuildFile; fileRef = 6C7FFBCC260E6348008F1D97 /* SceneDelegate.swift */; };
		6C7FFBCF260E6348008F1D97 /* ViewController.swift in Sources */ = {isa = PBXBuildFile; fileRef = 6C7FFBCE260E6348008F1D97 /* ViewController.swift */; };
		6C7FFBD2260E6348008F1D97 /* Main.storyboard in Resources */ = {isa = PBXBuildFile; fileRef = 6C7FFBD0260E6348008F1D97 /* Main.storyboard */; };
		6C7FFBD4260E634C008F1D97 /* Assets.xcassets in Resources */ = {isa = PBXBuildFile; fileRef = 6C7FFBD3260E634C008F1D97 /* Assets.xcassets */; };
		6C7FFBD7260E634C008F1D97 /* LaunchScreen.storyboard in Resources */ = {isa = PBXBuildFile; fileRef = 6C7FFBD5260E634C008F1D97 /* LaunchScreen.storyboard */; };
		6C7FFBE2260E634D008F1D97 /* PlaceTheAnimalsTests.swift in Sources */ = {isa = PBXBuildFile; fileRef = 6C7FFBE1260E634D008F1D97 /* PlaceTheAnimalsTests.swift */; };
		6C7FFBED260E634D008F1D97 /* PlaceTheAnimalsUITests.swift in Sources */ = {isa = PBXBuildFile; fileRef = 6C7FFBEC260E634D008F1D97 /* PlaceTheAnimalsUITests.swift */; };
		6CCAB01B2610062400FE1CC4 /* HamsterViewController.swift in Sources */ = {isa = PBXBuildFile; fileRef = 6CCAB01A2610062400FE1CC4 /* HamsterViewController.swift */; };
		8AA64835260FCDC5004D0C03 /* CatViewController.swift in Sources */ = {isa = PBXBuildFile; fileRef = 8AA64834260FCDC5004D0C03 /* CatViewController.swift */; };
		8AA64840260FD0C3004D0C03 /* BlankViewController.swift in Sources */ = {isa = PBXBuildFile; fileRef = 8AA6483F260FD0C3004D0C03 /* BlankViewController.swift */; };
		EAE6A5D82BADE7B8003E43B3 /* AnimalView.swift in Sources */ = {isa = PBXBuildFile; fileRef = EAE6A5D72BADE7B8003E43B3 /* AnimalView.swift */; };
		EAE6A5D92BADE7B8003E43B3 /* AnimalView.swift in Sources */ = {isa = PBXBuildFile; fileRef = EAE6A5D72BADE7B8003E43B3 /* AnimalView.swift */; };
		EAE6A5DA2BADE7B8003E43B3 /* AnimalView.swift in Sources */ = {isa = PBXBuildFile; fileRef = EAE6A5D72BADE7B8003E43B3 /* AnimalView.swift */; };
		EAE6A5DC2BADE800003E43B3 /* HamstersViewController.swift in Sources */ = {isa = PBXBuildFile; fileRef = EAE6A5DB2BADE800003E43B3 /* HamstersViewController.swift */; };
		EAE6A5DD2BADE800003E43B3 /* HamstersViewController.swift in Sources */ = {isa = PBXBuildFile; fileRef = EAE6A5DB2BADE800003E43B3 /* HamstersViewController.swift */; };
		EAE6A5DE2BADE800003E43B3 /* HamstersViewController.swift in Sources */ = {isa = PBXBuildFile; fileRef = EAE6A5DB2BADE800003E43B3 /* HamstersViewController.swift */; };
/* End PBXBuildFile section */

/* Begin PBXContainerItemProxy section */
		6C7FFBDE260E634D008F1D97 /* PBXContainerItemProxy */ = {
			isa = PBXContainerItemProxy;
			containerPortal = 6C7FFBBF260E6348008F1D97 /* Project object */;
			proxyType = 1;
			remoteGlobalIDString = 6C7FFBC6260E6348008F1D97;
			remoteInfo = pickone;
		};
		6C7FFBE9260E634D008F1D97 /* PBXContainerItemProxy */ = {
			isa = PBXContainerItemProxy;
			containerPortal = 6C7FFBBF260E6348008F1D97 /* Project object */;
			proxyType = 1;
			remoteGlobalIDString = 6C7FFBC6260E6348008F1D97;
			remoteInfo = pickone;
		};
/* End PBXContainerItemProxy section */

/* Begin PBXFileReference section */
		6C26E9E82612C24800D21201 /* CancelViewController.swift */ = {isa = PBXFileReference; lastKnownFileType = sourcecode.swift; path = CancelViewController.swift; sourceTree = "<group>"; };
		6C6C4DFE2610E401006CDEAD /* BirdViewController.swift */ = {isa = PBXFileReference; lastKnownFileType = sourcecode.swift; path = BirdViewController.swift; sourceTree = "<group>"; };
		6C6C4E0626117502006CDEAD /* RabbitViewController.swift */ = {isa = PBXFileReference; lastKnownFileType = sourcecode.swift; path = RabbitViewController.swift; sourceTree = "<group>"; };
		6C6C4E0E26117860006CDEAD /* BeardDragonViewController.swift */ = {isa = PBXFileReference; lastKnownFileType = sourcecode.swift; path = BeardDragonViewController.swift; sourceTree = "<group>"; };
		6C6C4E1326117D26006CDEAD /* FinalViewController.swift */ = {isa = PBXFileReference; lastKnownFileType = sourcecode.swift; path = FinalViewController.swift; sourceTree = "<group>"; };
		6C7FFBC7260E6348008F1D97 /* PlaceTheAnimals.app */ = {isa = PBXFileReference; explicitFileType = wrapper.application; includeInIndex = 0; name = PlaceTheAnimals.app; path = pickone.app; sourceTree = BUILT_PRODUCTS_DIR; };
		6C7FFBCA260E6348008F1D97 /* AppDelegate.swift */ = {isa = PBXFileReference; lastKnownFileType = sourcecode.swift; path = AppDelegate.swift; sourceTree = "<group>"; };
		6C7FFBCC260E6348008F1D97 /* SceneDelegate.swift */ = {isa = PBXFileReference; lastKnownFileType = sourcecode.swift; path = SceneDelegate.swift; sourceTree = "<group>"; };
		6C7FFBCE260E6348008F1D97 /* ViewController.swift */ = {isa = PBXFileReference; lastKnownFileType = sourcecode.swift; path = ViewController.swift; sourceTree = "<group>"; };
		6C7FFBD1260E6348008F1D97 /* Base */ = {isa = PBXFileReference; lastKnownFileType = file.storyboard; name = Base; path = Base.lproj/Main.storyboard; sourceTree = "<group>"; };
		6C7FFBD3260E634C008F1D97 /* Assets.xcassets */ = {isa = PBXFileReference; lastKnownFileType = folder.assetcatalog; path = Assets.xcassets; sourceTree = "<group>"; };
		6C7FFBD6260E634C008F1D97 /* Base */ = {isa = PBXFileReference; lastKnownFileType = file.storyboard; name = Base; path = Base.lproj/LaunchScreen.storyboard; sourceTree = "<group>"; };
		6C7FFBD8260E634C008F1D97 /* Info.plist */ = {isa = PBXFileReference; lastKnownFileType = text.plist.xml; path = Info.plist; sourceTree = "<group>"; };
		6C7FFBDD260E634D008F1D97 /* PlaceTheAnimals.swiftmodule */ = {isa = PBXFileReference; explicitFileType = wrapper.cfbundle; includeInIndex = 0; name = PlaceTheAnimals.swiftmodule; path = pickoneTests.xctest; sourceTree = BUILT_PRODUCTS_DIR; };
		6C7FFBE1260E634D008F1D97 /* PlaceTheAnimalsTests.swift */ = {isa = PBXFileReference; lastKnownFileType = sourcecode.swift; path = PlaceTheAnimalsTests.swift; sourceTree = "<group>"; };
		6C7FFBE3260E634D008F1D97 /* Info.plist */ = {isa = PBXFileReference; lastKnownFileType = text.plist.xml; path = Info.plist; sourceTree = "<group>"; };
		6C7FFBE8260E634D008F1D97 /* PlaceTheAnimals.swiftmodule */ = {isa = PBXFileReference; explicitFileType = wrapper.cfbundle; includeInIndex = 0; name = PlaceTheAnimals.swiftmodule; path = pickoneUITests.xctest; sourceTree = BUILT_PRODUCTS_DIR; };
		6C7FFBEC260E634D008F1D97 /* PlaceTheAnimalsUITests.swift */ = {isa = PBXFileReference; lastKnownFileType = sourcecode.swift; path = PlaceTheAnimalsUITests.swift; sourceTree = "<group>"; };
		6C7FFBEE260E634D008F1D97 /* Info.plist */ = {isa = PBXFileReference; lastKnownFileType = text.plist.xml; path = Info.plist; sourceTree = "<group>"; };
		6CCAB01A2610062400FE1CC4 /* HamsterViewController.swift */ = {isa = PBXFileReference; lastKnownFileType = sourcecode.swift; path = HamsterViewController.swift; sourceTree = "<group>"; };
		8AA64834260FCDC5004D0C03 /* CatViewController.swift */ = {isa = PBXFileReference; lastKnownFileType = sourcecode.swift; path = CatViewController.swift; sourceTree = "<group>"; };
		8AA6483F260FD0C3004D0C03 /* BlankViewController.swift */ = {isa = PBXFileReference; lastKnownFileType = sourcecode.swift; path = BlankViewController.swift; sourceTree = "<group>"; };
		EAE6A5D72BADE7B8003E43B3 /* AnimalView.swift */ = {isa = PBXFileReference; lastKnownFileType = sourcecode.swift; path = AnimalView.swift; sourceTree = "<group>"; };
		EAE6A5DB2BADE800003E43B3 /* HamstersViewController.swift */ = {isa = PBXFileReference; lastKnownFileType = sourcecode.swift; path = HamstersViewController.swift; sourceTree = "<group>"; };
/* End PBXFileReference section */

/* Begin PBXFrameworksBuildPhase section */
		6C7FFBC4260E6348008F1D97 /* Frameworks */ = {
			isa = PBXFrameworksBuildPhase;
			buildActionMask = 2147483647;
			files = (
			);
			runOnlyForDeploymentPostprocessing = 0;
		};
		6C7FFBDA260E634D008F1D97 /* Frameworks */ = {
			isa = PBXFrameworksBuildPhase;
			buildActionMask = 2147483647;
			files = (
			);
			runOnlyForDeploymentPostprocessing = 0;
		};
		6C7FFBE5260E634D008F1D97 /* Frameworks */ = {
			isa = PBXFrameworksBuildPhase;
			buildActionMask = 2147483647;
			files = (
			);
			runOnlyForDeploymentPostprocessing = 0;
		};
/* End PBXFrameworksBuildPhase section */

/* Begin PBXGroup section */
		6C7FFBBE260E6348008F1D97 = {
			isa = PBXGroup;
			children = (
				6C7FFBC9260E6348008F1D97 /* PlaceTheAnimals */,
				6C7FFBE0260E634D008F1D97 /* PlaceTheAnimalsTests */,
				6C7FFBEB260E634D008F1D97 /* PlaceTheAnimalsUITests */,
				6C7FFBC8260E6348008F1D97 /* Products */,
			);
			sourceTree = "<group>";
		};
		6C7FFBC8260E6348008F1D97 /* Products */ = {
			isa = PBXGroup;
			children = (
				6C7FFBC7260E6348008F1D97 /* PlaceTheAnimals.app */,
				6C7FFBDD260E634D008F1D97 /* PlaceTheAnimals.swiftmodule */,
				6C7FFBE8260E634D008F1D97 /* PlaceTheAnimals.swiftmodule */,
			);
			name = Products;
			sourceTree = "<group>";
		};
		6C7FFBC9260E6348008F1D97 /* PlaceTheAnimals */ = {
			isa = PBXGroup;
			children = (
				6C7FFBCA260E6348008F1D97 /* AppDelegate.swift */,
				6C7FFBCC260E6348008F1D97 /* SceneDelegate.swift */,
				6C7FFBCE260E6348008F1D97 /* ViewController.swift */,
				8AA64834260FCDC5004D0C03 /* CatViewController.swift */,
				6CCAB01A2610062400FE1CC4 /* HamsterViewController.swift */,
				6C6C4DFE2610E401006CDEAD /* BirdViewController.swift */,
				6C6C4E0626117502006CDEAD /* RabbitViewController.swift */,
				6C6C4E0E26117860006CDEAD /* BeardDragonViewController.swift */,
				6C26E9E82612C24800D21201 /* CancelViewController.swift */,
				6C6C4E1326117D26006CDEAD /* FinalViewController.swift */,
				EAE6A5DB2BADE800003E43B3 /* HamstersViewController.swift */,
				6C7FFBD0260E6348008F1D97 /* Main.storyboard */,
				6C7FFBD3260E634C008F1D97 /* Assets.xcassets */,
				6C7FFBD5260E634C008F1D97 /* LaunchScreen.storyboard */,
				6C7FFBD8260E634C008F1D97 /* Info.plist */,
				8AA6483F260FD0C3004D0C03 /* BlankViewController.swift */,
				EAE6A5D72BADE7B8003E43B3 /* AnimalView.swift */,
			);
			path = PlaceTheAnimals;
			sourceTree = "<group>";
		};
		6C7FFBE0260E634D008F1D97 /* PlaceTheAnimalsTests */ = {
			isa = PBXGroup;
			children = (
				6C7FFBE1260E634D008F1D97 /* PlaceTheAnimalsTests.swift */,
				6C7FFBE3260E634D008F1D97 /* Info.plist */,
			);
			path = PlaceTheAnimalsTests;
			sourceTree = "<group>";
		};
		6C7FFBEB260E634D008F1D97 /* PlaceTheAnimalsUITests */ = {
			isa = PBXGroup;
			children = (
				6C7FFBEC260E634D008F1D97 /* PlaceTheAnimalsUITests.swift */,
				6C7FFBEE260E634D008F1D97 /* Info.plist */,
			);
			path = PlaceTheAnimalsUITests;
			sourceTree = "<group>";
		};
/* End PBXGroup section */

/* Begin PBXNativeTarget section */
		6C7FFBC6260E6348008F1D97 /* pickone */ = {
			isa = PBXNativeTarget;
			buildConfigurationList = 6C7FFBF1260E634D008F1D97 /* Build configuration list for PBXNativeTarget "pickone" */;
			buildPhases = (
				6C7FFBC3260E6348008F1D97 /* Sources */,
				6C7FFBC4260E6348008F1D97 /* Frameworks */,
				6C7FFBC5260E6348008F1D97 /* Resources */,
			);
			buildRules = (
			);
			dependencies = (
			);
			name = pickone;
			productName = pickone;
			productReference = 6C7FFBC7260E6348008F1D97 /* PlaceTheAnimals.app */;
			productType = "com.apple.product-type.application";
		};
		6C7FFBDC260E634D008F1D97 /* pickoneTests */ = {
			isa = PBXNativeTarget;
			buildConfigurationList = 6C7FFBF4260E634D008F1D97 /* Build configuration list for PBXNativeTarget "pickoneTests" */;
			buildPhases = (
				6C7FFBD9260E634D008F1D97 /* Sources */,
				6C7FFBDA260E634D008F1D97 /* Frameworks */,
				6C7FFBDB260E634D008F1D97 /* Resources */,
			);
			buildRules = (
			);
			dependencies = (
				6C7FFBDF260E634D008F1D97 /* PBXTargetDependency */,
			);
			name = pickoneTests;
			productName = pickoneTests;
			productReference = 6C7FFBDD260E634D008F1D97 /* PlaceTheAnimals.swiftmodule */;
			productType = "com.apple.product-type.bundle.unit-test";
		};
		6C7FFBE7260E634D008F1D97 /* pickoneUITests */ = {
			isa = PBXNativeTarget;
			buildConfigurationList = 6C7FFBF7260E634D008F1D97 /* Build configuration list for PBXNativeTarget "pickoneUITests" */;
			buildPhases = (
				6C7FFBE4260E634D008F1D97 /* Sources */,
				6C7FFBE5260E634D008F1D97 /* Frameworks */,
				6C7FFBE6260E634D008F1D97 /* Resources */,
			);
			buildRules = (
			);
			dependencies = (
				6C7FFBEA260E634D008F1D97 /* PBXTargetDependency */,
			);
			name = pickoneUITests;
			productName = pickoneUITests;
			productReference = 6C7FFBE8260E634D008F1D97 /* PlaceTheAnimals.swiftmodule */;
			productType = "com.apple.product-type.bundle.ui-testing";
		};
/* End PBXNativeTarget section */

/* Begin PBXProject section */
		6C7FFBBF260E6348008F1D97 /* Project object */ = {
			isa = PBXProject;
			attributes = {
				LastSwiftUpdateCheck = 1240;
				LastUpgradeCheck = 1240;
				TargetAttributes = {
					6C7FFBC6260E6348008F1D97 = {
						CreatedOnToolsVersion = 12.4;
					};
					6C7FFBDC260E634D008F1D97 = {
						CreatedOnToolsVersion = 12.4;
						TestTargetID = 6C7FFBC6260E6348008F1D97;
					};
					6C7FFBE7260E634D008F1D97 = {
						CreatedOnToolsVersion = 12.4;
						TestTargetID = 6C7FFBC6260E6348008F1D97;
					};
				};
			};
			buildConfigurationList = 6C7FFBC2260E6348008F1D97 /* Build configuration list for PBXProject "PlaceTheAnimals" */;
			compatibilityVersion = "Xcode 9.3";
			developmentRegion = en;
			hasScannedForEncodings = 0;
			knownRegions = (
				en,
				Base,
			);
			mainGroup = 6C7FFBBE260E6348008F1D97;
			productRefGroup = 6C7FFBC8260E6348008F1D97 /* Products */;
			projectDirPath = "";
			projectRoot = "";
			targets = (
				6C7FFBC6260E6348008F1D97 /* pickone */,
				6C7FFBDC260E634D008F1D97 /* pickoneTests */,
				6C7FFBE7260E634D008F1D97 /* pickoneUITests */,
			);
		};
/* End PBXProject section */

/* Begin PBXResourcesBuildPhase section */
		6C7FFBC5260E6348008F1D97 /* Resources */ = {
			isa = PBXResourcesBuildPhase;
			buildActionMask = 2147483647;
			files = (
				6C7FFBD7260E634C008F1D97 /* LaunchScreen.storyboard in Resources */,
				6C7FFBD4260E634C008F1D97 /* Assets.xcassets in Resources */,
				6C7FFBD2260E6348008F1D97 /* Main.storyboard in Resources */,
			);
			runOnlyForDeploymentPostprocessing = 0;
		};
		6C7FFBDB260E634D008F1D97 /* Resources */ = {
			isa = PBXResourcesBuildPhase;
			buildActionMask = 2147483647;
			files = (
			);
			runOnlyForDeploymentPostprocessing = 0;
		};
		6C7FFBE6260E634D008F1D97 /* Resources */ = {
			isa = PBXResourcesBuildPhase;
			buildActionMask = 2147483647;
			files = (
			);
			runOnlyForDeploymentPostprocessing = 0;
		};
/* End PBXResourcesBuildPhase section */

/* Begin PBXSourcesBuildPhase section */
		6C7FFBC3260E6348008F1D97 /* Sources */ = {
			isa = PBXSourcesBuildPhase;
			buildActionMask = 2147483647;
			files = (
				6C6C4E0726117502006CDEAD /* RabbitViewController.swift in Sources */,
				6C7FFBCF260E6348008F1D97 /* ViewController.swift in Sources */,
				6C6C4DFF2610E401006CDEAD /* BirdViewController.swift in Sources */,
				6CCAB01B2610062400FE1CC4 /* HamsterViewController.swift in Sources */,
				8AA64835260FCDC5004D0C03 /* CatViewController.swift in Sources */,
				6C6C4E1426117D26006CDEAD /* FinalViewController.swift in Sources */,
				6C7FFBCB260E6348008F1D97 /* AppDelegate.swift in Sources */,
				6C7FFBCD260E6348008F1D97 /* SceneDelegate.swift in Sources */,
				6C26E9E92612C24800D21201 /* CancelViewController.swift in Sources */,
				6C6C4E0F26117860006CDEAD /* BeardDragonViewController.swift in Sources */,
				EAE6A5D82BADE7B8003E43B3 /* AnimalView.swift in Sources */,
				8AA64840260FD0C3004D0C03 /* BlankViewController.swift in Sources */,
				EAE6A5DC2BADE800003E43B3 /* HamstersViewController.swift in Sources */,
			);
			runOnlyForDeploymentPostprocessing = 0;
		};
		6C7FFBD9260E634D008F1D97 /* Sources */ = {
			isa = PBXSourcesBuildPhase;
			buildActionMask = 2147483647;
			files = (
				EAE6A5D92BADE7B8003E43B3 /* AnimalView.swift in Sources */,
				EAE6A5DD2BADE800003E43B3 /* HamstersViewController.swift in Sources */,
				6C7FFBE2260E634D008F1D97 /* PlaceTheAnimalsTests.swift in Sources */,
			);
			runOnlyForDeploymentPostprocessing = 0;
		};
		6C7FFBE4260E634D008F1D97 /* Sources */ = {
			isa = PBXSourcesBuildPhase;
			buildActionMask = 2147483647;
			files = (
				EAE6A5DA2BADE7B8003E43B3 /* AnimalView.swift in Sources */,
				EAE6A5DE2BADE800003E43B3 /* HamstersViewController.swift in Sources */,
				6C7FFBED260E634D008F1D97 /* PlaceTheAnimalsUITests.swift in Sources */,
			);
			runOnlyForDeploymentPostprocessing = 0;
		};
/* End PBXSourcesBuildPhase section */

/* Begin PBXTargetDependency section */
		6C7FFBDF260E634D008F1D97 /* PBXTargetDependency */ = {
			isa = PBXTargetDependency;
			target = 6C7FFBC6260E6348008F1D97 /* pickone */;
			targetProxy = 6C7FFBDE260E634D008F1D97 /* PBXContainerItemProxy */;
		};
		6C7FFBEA260E634D008F1D97 /* PBXTargetDependency */ = {
			isa = PBXTargetDependency;
			target = 6C7FFBC6260E6348008F1D97 /* pickone */;
			targetProxy = 6C7FFBE9260E634D008F1D97 /* PBXContainerItemProxy */;
		};
/* End PBXTargetDependency section */

/* Begin PBXVariantGroup section */
		6C7FFBD0260E6348008F1D97 /* Main.storyboard */ = {
			isa = PBXVariantGroup;
			children = (
				6C7FFBD1260E6348008F1D97 /* Base */,
			);
			name = Main.storyboard;
			sourceTree = "<group>";
		};
		6C7FFBD5260E634C008F1D97 /* LaunchScreen.storyboard */ = {
			isa = PBXVariantGroup;
			children = (
				6C7FFBD6260E634C008F1D97 /* Base */,
			);
			name = LaunchScreen.storyboard;
			sourceTree = "<group>";
		};
/* End PBXVariantGroup section */

/* Begin XCBuildConfiguration section */
		6C7FFBEF260E634D008F1D97 /* Debug */ = {
			isa = XCBuildConfiguration;
			buildSettings = {
				ALWAYS_SEARCH_USER_PATHS = NO;
				CLANG_ANALYZER_NONNULL = YES;
				CLANG_ANALYZER_NUMBER_OBJECT_CONVERSION = YES_AGGRESSIVE;
				CLANG_CXX_LANGUAGE_STANDARD = "gnu++14";
				CLANG_CXX_LIBRARY = "libc++";
				CLANG_ENABLE_MODULES = YES;
				CLANG_ENABLE_OBJC_ARC = YES;
				CLANG_ENABLE_OBJC_WEAK = YES;
				CLANG_WARN_BLOCK_CAPTURE_AUTORELEASING = YES;
				CLANG_WARN_BOOL_CONVERSION = YES;
				CLANG_WARN_COMMA = YES;
				CLANG_WARN_CONSTANT_CONVERSION = YES;
				CLANG_WARN_DEPRECATED_OBJC_IMPLEMENTATIONS = YES;
				CLANG_WARN_DIRECT_OBJC_ISA_USAGE = YES_ERROR;
				CLANG_WARN_DOCUMENTATION_COMMENTS = YES;
				CLANG_WARN_EMPTY_BODY = YES;
				CLANG_WARN_ENUM_CONVERSION = YES;
				CLANG_WARN_INFINITE_RECURSION = YES;
				CLANG_WARN_INT_CONVERSION = YES;
				CLANG_WARN_NON_LITERAL_NULL_CONVERSION = YES;
				CLANG_WARN_OBJC_IMPLICIT_RETAIN_SELF = YES;
				CLANG_WARN_OBJC_LITERAL_CONVERSION = YES;
				CLANG_WARN_OBJC_ROOT_CLASS = YES_ERROR;
				CLANG_WARN_QUOTED_INCLUDE_IN_FRAMEWORK_HEADER = YES;
				CLANG_WARN_RANGE_LOOP_ANALYSIS = YES;
				CLANG_WARN_STRICT_PROTOTYPES = YES;
				CLANG_WARN_SUSPICIOUS_MOVE = YES;
				CLANG_WARN_UNGUARDED_AVAILABILITY = YES_AGGRESSIVE;
				CLANG_WARN_UNREACHABLE_CODE = YES;
				CLANG_WARN__DUPLICATE_METHOD_MATCH = YES;
				COPY_PHASE_STRIP = NO;
				DEBUG_INFORMATION_FORMAT = dwarf;
				ENABLE_STRICT_OBJC_MSGSEND = YES;
				ENABLE_TESTABILITY = YES;
				GCC_C_LANGUAGE_STANDARD = gnu11;
				GCC_DYNAMIC_NO_PIC = NO;
				GCC_NO_COMMON_BLOCKS = YES;
				GCC_OPTIMIZATION_LEVEL = 0;
				GCC_PREPROCESSOR_DEFINITIONS = (
					"DEBUG=1",
					"$(inherited)",
				);
				GCC_WARN_64_TO_32_BIT_CONVERSION = YES;
				GCC_WARN_ABOUT_RETURN_TYPE = YES_ERROR;
				GCC_WARN_UNDECLARED_SELECTOR = YES;
				GCC_WARN_UNINITIALIZED_AUTOS = YES_AGGRESSIVE;
				GCC_WARN_UNUSED_FUNCTION = YES;
				GCC_WARN_UNUSED_VARIABLE = YES;
				IPHONEOS_DEPLOYMENT_TARGET = 14.4;
				MTL_ENABLE_DEBUG_INFO = INCLUDE_SOURCE;
				MTL_FAST_MATH = YES;
				ONLY_ACTIVE_ARCH = YES;
				SDKROOT = iphoneos;
				SWIFT_ACTIVE_COMPILATION_CONDITIONS = DEBUG;
				SWIFT_OPTIMIZATION_LEVEL = "-Onone";
			};
			name = Debug;
		};
		6C7FFBF0260E634D008F1D97 /* Release */ = {
			isa = XCBuildConfiguration;
			buildSettings = {
				ALWAYS_SEARCH_USER_PATHS = NO;
				CLANG_ANALYZER_NONNULL = YES;
				CLANG_ANALYZER_NUMBER_OBJECT_CONVERSION = YES_AGGRESSIVE;
				CLANG_CXX_LANGUAGE_STANDARD = "gnu++14";
				CLANG_CXX_LIBRARY = "libc++";
				CLANG_ENABLE_MODULES = YES;
				CLANG_ENABLE_OBJC_ARC = YES;
				CLANG_ENABLE_OBJC_WEAK = YES;
				CLANG_WARN_BLOCK_CAPTURE_AUTORELEASING = YES;
				CLANG_WARN_BOOL_CONVERSION = YES;
				CLANG_WARN_COMMA = YES;
				CLANG_WARN_CONSTANT_CONVERSION = YES;
				CLANG_WARN_DEPRECATED_OBJC_IMPLEMENTATIONS = YES;
				CLANG_WARN_DIRECT_OBJC_ISA_USAGE = YES_ERROR;
				CLANG_WARN_DOCUMENTATION_COMMENTS = YES;
				CLANG_WARN_EMPTY_BODY = YES;
				CLANG_WARN_ENUM_CONVERSION = YES;
				CLANG_WARN_INFINITE_RECURSION = YES;
				CLANG_WARN_INT_CONVERSION = YES;
				CLANG_WARN_NON_LITERAL_NULL_CONVERSION = YES;
				CLANG_WARN_OBJC_IMPLICIT_RETAIN_SELF = YES;
				CLANG_WARN_OBJC_LITERAL_CONVERSION = YES;
				CLANG_WARN_OBJC_ROOT_CLASS = YES_ERROR;
				CLANG_WARN_QUOTED_INCLUDE_IN_FRAMEWORK_HEADER = YES;
				CLANG_WARN_RANGE_LOOP_ANALYSIS = YES;
				CLANG_WARN_STRICT_PROTOTYPES = YES;
				CLANG_WARN_SUSPICIOUS_MOVE = YES;
				CLANG_WARN_UNGUARDED_AVAILABILITY = YES_AGGRESSIVE;
				CLANG_WARN_UNREACHABLE_CODE = YES;
				CLANG_WARN__DUPLICATE_METHOD_MATCH = YES;
				COPY_PHASE_STRIP = NO;
				DEBUG_INFORMATION_FORMAT = "dwarf-with-dsym";
				ENABLE_NS_ASSERTIONS = NO;
				ENABLE_STRICT_OBJC_MSGSEND = YES;
				GCC_C_LANGUAGE_STANDARD = gnu11;
				GCC_NO_COMMON_BLOCKS = YES;
				GCC_WARN_64_TO_32_BIT_CONVERSION = YES;
				GCC_WARN_ABOUT_RETURN_TYPE = YES_ERROR;
				GCC_WARN_UNDECLARED_SELECTOR = YES;
				GCC_WARN_UNINITIALIZED_AUTOS = YES_AGGRESSIVE;
				GCC_WARN_UNUSED_FUNCTION = YES;
				GCC_WARN_UNUSED_VARIABLE = YES;
				IPHONEOS_DEPLOYMENT_TARGET = 14.4;
				MTL_ENABLE_DEBUG_INFO = NO;
				MTL_FAST_MATH = YES;
				SDKROOT = iphoneos;
				SWIFT_COMPILATION_MODE = wholemodule;
				SWIFT_OPTIMIZATION_LEVEL = "-O";
				VALIDATE_PRODUCT = YES;
			};
			name = Release;
		};
		6C7FFBF2260E634D008F1D97 /* Debug */ = {
			isa = XCBuildConfiguration;
			buildSettings = {
				ASSETCATALOG_COMPILER_APPICON_NAME = AppIcon;
				ASSETCATALOG_COMPILER_GLOBAL_ACCENT_COLOR_NAME = AccentColor;
				CODE_SIGN_STYLE = Automatic;
				DEVELOPMENT_TEAM = 68T5YJGRM7;
				INFOPLIST_FILE = "$(SRCROOT)/PlaceTheAnimals/Info.plist";
				LD_RUNPATH_SEARCH_PATHS = (
					"$(inherited)",
					"@executable_path/Frameworks",
				);
				PRODUCT_BUNDLE_IDENTIFIER = Miuccia.PlaceTheAnimals;
				PRODUCT_NAME = "$(TARGET_NAME)";
				SWIFT_VERSION = 5.0;
				TARGETED_DEVICE_FAMILY = "1,2";
			};
			name = Debug;
		};
		6C7FFBF3260E634D008F1D97 /* Release */ = {
			isa = XCBuildConfiguration;
			buildSettings = {
				ASSETCATALOG_COMPILER_APPICON_NAME = AppIcon;
				ASSETCATALOG_COMPILER_GLOBAL_ACCENT_COLOR_NAME = AccentColor;
				CODE_SIGN_STYLE = Automatic;
				DEVELOPMENT_TEAM = 68T5YJGRM7;
				INFOPLIST_FILE = "$(SRCROOT)/PlaceTheAnimals/Info.plist";
				LD_RUNPATH_SEARCH_PATHS = (
					"$(inherited)",
					"@executable_path/Frameworks",
				);
				PRODUCT_BUNDLE_IDENTIFIER = Miuccia.PlaceTheAnimals;
				PRODUCT_NAME = "$(TARGET_NAME)";
				SWIFT_VERSION = 5.0;
				TARGETED_DEVICE_FAMILY = "1,2";
			};
			name = Release;
		};
		6C7FFBF5260E634D008F1D97 /* Debug */ = {
			isa = XCBuildConfiguration;
			buildSettings = {
				ALWAYS_EMBED_SWIFT_STANDARD_LIBRARIES = YES;
				BUNDLE_LOADER = "$(TEST_HOST)";
				CODE_SIGN_STYLE = Automatic;
				DEVELOPMENT_TEAM = 68T5YJGRM7;
				INFOPLIST_FILE = pickoneTests/Info.plist;
				IPHONEOS_DEPLOYMENT_TARGET = 14.4;
				LD_RUNPATH_SEARCH_PATHS = (
					"$(inherited)",
					"@executable_path/Frameworks",
					"@loader_path/Frameworks",
				);
				PRODUCT_BUNDLE_IDENTIFIER = Miuccia.pickoneTests;
				PRODUCT_NAME = "$(TARGET_NAME)";
				SWIFT_VERSION = 5.0;
				TARGETED_DEVICE_FAMILY = "1,2";
				TEST_HOST = "$(BUILT_PRODUCTS_DIR)/pickone.app/pickone";
			};
			name = Debug;
		};
		6C7FFBF6260E634D008F1D97 /* Release */ = {
			isa = XCBuildConfiguration;
			buildSettings = {
				ALWAYS_EMBED_SWIFT_STANDARD_LIBRARIES = YES;
				BUNDLE_LOADER = "$(TEST_HOST)";
				CODE_SIGN_STYLE = Automatic;
				DEVELOPMENT_TEAM = 68T5YJGRM7;
				INFOPLIST_FILE = pickoneTests/Info.plist;
				IPHONEOS_DEPLOYMENT_TARGET = 14.4;
				LD_RUNPATH_SEARCH_PATHS = (
					"$(inherited)",
					"@executable_path/Frameworks",
					"@loader_path/Frameworks",
				);
				PRODUCT_BUNDLE_IDENTIFIER = Miuccia.pickoneTests;
				PRODUCT_NAME = "$(TARGET_NAME)";
				SWIFT_VERSION = 5.0;
				TARGETED_DEVICE_FAMILY = "1,2";
				TEST_HOST = "$(BUILT_PRODUCTS_DIR)/pickone.app/pickone";
			};
			name = Release;
		};
		6C7FFBF8260E634D008F1D97 /* Debug */ = {
			isa = XCBuildConfiguration;
			buildSettings = {
				ALWAYS_EMBED_SWIFT_STANDARD_LIBRARIES = YES;
				CODE_SIGN_STYLE = Automatic;
				DEVELOPMENT_TEAM = 68T5YJGRM7;
				INFOPLIST_FILE = pickoneUITests/Info.plist;
				LD_RUNPATH_SEARCH_PATHS = (
					"$(inherited)",
					"@executable_path/Frameworks",
					"@loader_path/Frameworks",
				);
				PRODUCT_BUNDLE_IDENTIFIER = Miuccia.pickoneUITests;
				PRODUCT_NAME = "$(TARGET_NAME)";
				SWIFT_VERSION = 5.0;
				TARGETED_DEVICE_FAMILY = "1,2";
				TEST_TARGET_NAME = pickone;
			};
			name = Debug;
		};
		6C7FFBF9260E634D008F1D97 /* Release */ = {
			isa = XCBuildConfiguration;
			buildSettings = {
				ALWAYS_EMBED_SWIFT_STANDARD_LIBRARIES = YES;
				CODE_SIGN_STYLE = Automatic;
				DEVELOPMENT_TEAM = 68T5YJGRM7;
				INFOPLIST_FILE = pickoneUITests/Info.plist;
				LD_RUNPATH_SEARCH_PATHS = (
					"$(inherited)",
					"@executable_path/Frameworks",
					"@loader_path/Frameworks",
				);
				PRODUCT_BUNDLE_IDENTIFIER = Miuccia.pickoneUITests;
				PRODUCT_NAME = "$(TARGET_NAME)";
				SWIFT_VERSION = 5.0;
				TARGETED_DEVICE_FAMILY = "1,2";
				TEST_TARGET_NAME = pickone;
			};
			name = Release;
		};
/* End XCBuildConfiguration section */

/* Begin XCConfigurationList section */
		6C7FFBC2260E6348008F1D97 /* Build configuration list for PBXProject "PlaceTheAnimals" */ = {
			isa = XCConfigurationList;
			buildConfigurations = (
				6C7FFBEF260E634D008F1D97 /* Debug */,
				6C7FFBF0260E634D008F1D97 /* Release */,
			);
			defaultConfigurationIsVisible = 0;
			defaultConfigurationName = Release;
		};
		6C7FFBF1260E634D008F1D97 /* Build configuration list for PBXNativeTarget "pickone" */ = {
			isa = XCConfigurationList;
			buildConfigurations = (
				6C7FFBF2260E634D008F1D97 /* Debug */,
				6C7FFBF3260E634D008F1D97 /* Release */,
			);
			defaultConfigurationIsVisible = 0;
			defaultConfigurationName = Release;
		};
		6C7FFBF4260E634D008F1D97 /* Build configuration list for PBXNativeTarget "pickoneTests" */ = {
			isa = XCConfigurationList;
			buildConfigurations = (
				6C7FFBF5260E634D008F1D97 /* Debug */,
				6C7FFBF6260E634D008F1D97 /* Release */,
			);
			defaultConfigurationIsVisible = 0;
			defaultConfigurationName = Release;
		};
		6C7FFBF7260E634D008F1D97 /* Build configuration list for PBXNativeTarget "pickoneUITests" */ = {
			isa = XCConfigurationList;
			buildConfigurations = (
				6C7FFBF8260E634D008F1D97 /* Debug */,
				6C7FFBF9260E634D008F1D97 /* Release */,
			);
			defaultConfigurationIsVisible = 0;
			defaultConfigurationName = Release;
		};
/* End XCConfigurationList section */
	};
	rootObject = 6C7FFBBF260E6348008F1D97 /* Project object */;
}
